
Microsoft Visual Studio Solution File, Format Version 12.00
# Visual Studio 15
Project("{FAE04EC0-301F-11D3-BF4B-00C04F79EFBC}") = "openai.api.unity", "openai.api.unity.csproj", "{A280D2D9-1210-2D03-EF08-F064AD059BF3}"
EndProject
Project("{FAE04EC0-301F-11D3-BF4B-00C04F79EFBC}") = "Assembly-CSharp", "Assembly-CSharp.csproj", "{59041832-F3D0-D8D4-5B01-A5CD89260E78}"
EndProject
<<<<<<< Updated upstream
=======
Project("{FAE04EC0-301F-11D3-BF4B-00C04F79EFBC}") = "Assembly-CSharp-firstpass", "Assembly-CSharp-firstpass.csproj", "{7326BED1-902A-1083-E3F8-4F411F15AA04}"
EndProject
>>>>>>> Stashed changes
Project("{FAE04EC0-301F-11D3-BF4B-00C04F79EFBC}") = "openai.api.unity.editor", "openai.api.unity.editor.csproj", "{0AF338F0-6DBE-25B8-D18D-40FF42EB0641}"
EndProject
Global
	GlobalSection(SolutionConfigurationPlatforms) = preSolution
		Debug|Any CPU = Debug|Any CPU
		Release|Any CPU = Release|Any CPU
	EndGlobalSection
	GlobalSection(ProjectConfigurationPlatforms) = postSolution
		{A280D2D9-1210-2D03-EF08-F064AD059BF3}.Debug|Any CPU.ActiveCfg = Debug|Any CPU
		{A280D2D9-1210-2D03-EF08-F064AD059BF3}.Debug|Any CPU.Build.0 = Debug|Any CPU
		{A280D2D9-1210-2D03-EF08-F064AD059BF3}.Release|Any CPU.ActiveCfg = Release|Any CPU
		{A280D2D9-1210-2D03-EF08-F064AD059BF3}.Release|Any CPU.Build.0 = Release|Any CPU
		{59041832-F3D0-D8D4-5B01-A5CD89260E78}.Debug|Any CPU.ActiveCfg = Debug|Any CPU
		{59041832-F3D0-D8D4-5B01-A5CD89260E78}.Debug|Any CPU.Build.0 = Debug|Any CPU
		{59041832-F3D0-D8D4-5B01-A5CD89260E78}.Release|Any CPU.ActiveCfg = Release|Any CPU
		{59041832-F3D0-D8D4-5B01-A5CD89260E78}.Release|Any CPU.Build.0 = Release|Any CPU
<<<<<<< Updated upstream
=======
		{7326BED1-902A-1083-E3F8-4F411F15AA04}.Debug|Any CPU.ActiveCfg = Debug|Any CPU
		{7326BED1-902A-1083-E3F8-4F411F15AA04}.Debug|Any CPU.Build.0 = Debug|Any CPU
		{7326BED1-902A-1083-E3F8-4F411F15AA04}.Release|Any CPU.ActiveCfg = Release|Any CPU
		{7326BED1-902A-1083-E3F8-4F411F15AA04}.Release|Any CPU.Build.0 = Release|Any CPU
>>>>>>> Stashed changes
		{0AF338F0-6DBE-25B8-D18D-40FF42EB0641}.Debug|Any CPU.ActiveCfg = Debug|Any CPU
		{0AF338F0-6DBE-25B8-D18D-40FF42EB0641}.Debug|Any CPU.Build.0 = Debug|Any CPU
		{0AF338F0-6DBE-25B8-D18D-40FF42EB0641}.Release|Any CPU.ActiveCfg = Release|Any CPU
		{0AF338F0-6DBE-25B8-D18D-40FF42EB0641}.Release|Any CPU.Build.0 = Release|Any CPU
	EndGlobalSection
	GlobalSection(SolutionProperties) = preSolution
		HideSolutionNode = FALSE
	EndGlobalSection
EndGlobal
